
Microsoft Visual Studio Solution File, Format Version 12.00
# Visual Studio 15
VisualStudioVersion = 15.0.28307.271
MinimumVisualStudioVersion = 10.0.40219.1
Project("{8BC9CEB8-8B4A-11D0-8D11-00A0C91BC942}") = "flakesmaxobject", "flakesmaxobject.vcxproj", "{D8701478-CF31-4D55-8A1B-CC131689C55B}"
EndProject
Global
	GlobalSection(SolutionConfigurationPlatforms) = preSolution
		Debug|x64 = Debug|x64
		Release|x64 = Release|x64
	EndGlobalSection
	GlobalSection(ProjectConfigurationPlatforms) = postSolution
		{D8701478-CF31-4D55-8A1B-CC131689C55B}.Debug|x64.ActiveCfg = Debug|x64
		{D8701478-CF31-4D55-8A1B-CC131689C55B}.Debug|x64.Build.0 = Debug|x64
		{D8701478-CF31-4D55-8A1B-CC131689C55B}.Release|x64.ActiveCfg = Release|x64
		{D8701478-CF31-4D55-8A1B-CC131689C55B}.Release|x64.Build.0 = Release|x64
	EndGlobalSection
	GlobalSection(SolutionProperties) = preSolution
		HideSolutionNode = FALSE
	EndGlobalSection
	GlobalSection(ExtensibilityGlobals) = postSolution
		SolutionGuid = {381E15E9-E7F6-43CC-94FD-A34A193A014B}
	EndGlobalSection
EndGlobal
